// !$*UTF8*$!
{
	archiveVersion = 1;
	classes = {
	};
	objectVersion = 46;
	objects = {

/* Begin PBXBuildFile section */
		D341EB501D1A838400677EAF /* SegmentedControl.framework in Frameworks */ = {isa = PBXBuildFile; fileRef = D341EB4F1D1A838400677EAF /* SegmentedControl.framework */; };
		D341EB511D1A838400677EAF /* SegmentedControl.framework in Embed Frameworks */ = {isa = PBXBuildFile; fileRef = D341EB4F1D1A838400677EAF /* SegmentedControl.framework */; settings = {ATTRIBUTES = (CodeSignOnCopy, RemoveHeadersOnCopy, ); }; };
		D3E3B0E31C328316003EAA6E /* AppDelegate.swift in Sources */ = {isa = PBXBuildFile; fileRef = D3E3B0E21C328316003EAA6E /* AppDelegate.swift */; };
		D3E3B0E51C328316003EAA6E /* ExampleViewController.swift in Sources */ = {isa = PBXBuildFile; fileRef = D3E3B0E41C328316003EAA6E /* ExampleViewController.swift */; };
		D3E3B0E81C328316003EAA6E /* Main.storyboard in Resources */ = {isa = PBXBuildFile; fileRef = D3E3B0E61C328316003EAA6E /* Main.storyboard */; };
		D3E3B0EA1C328316003EAA6E /* Assets.xcassets in Resources */ = {isa = PBXBuildFile; fileRef = D3E3B0E91C328316003EAA6E /* Assets.xcassets */; };
/* End PBXBuildFile section */

/* Begin PBXCopyFilesBuildPhase section */
		D341EB521D1A838400677EAF /* Embed Frameworks */ = {
			isa = PBXCopyFilesBuildPhase;
			buildActionMask = 2147483647;
			dstPath = "";
			dstSubfolderSpec = 10;
			files = (
				D341EB511D1A838400677EAF /* SegmentedControl.framework in Embed Frameworks */,
			);
			name = "Embed Frameworks";
			runOnlyForDeploymentPostprocessing = 0;
		};
/* End PBXCopyFilesBuildPhase section */

/* Begin PBXFileReference section */
		D341EB4F1D1A838400677EAF /* SegmentedControl.framework */ = {isa = PBXFileReference; explicitFileType = wrapper.framework; name = SegmentedControl.framework; path = "/Users/hongxin/Library/Developer/Xcode/DerivedData/SegmentedControl-fegllupftdbokageotnuxdmypufc/Build/Products/Debug-iphonesimulator/SegmentedControl.framework"; sourceTree = "<absolute>"; };
		D3E3B0DF1C328316003EAA6E /* SegmentedControlExample.app */ = {isa = PBXFileReference; explicitFileType = wrapper.application; includeInIndex = 0; path = SegmentedControlExample.app; sourceTree = BUILT_PRODUCTS_DIR; };
		D3E3B0E21C328316003EAA6E /* AppDelegate.swift */ = {isa = PBXFileReference; lastKnownFileType = sourcecode.swift; path = AppDelegate.swift; sourceTree = "<group>"; };
		D3E3B0E41C328316003EAA6E /* ExampleViewController.swift */ = {isa = PBXFileReference; lastKnownFileType = sourcecode.swift; path = ExampleViewController.swift; sourceTree = "<group>"; };
		D3E3B0E71C328316003EAA6E /* Base */ = {isa = PBXFileReference; lastKnownFileType = file.storyboard; name = Base; path = Base.lproj/Main.storyboard; sourceTree = "<group>"; };
		D3E3B0E91C328316003EAA6E /* Assets.xcassets */ = {isa = PBXFileReference; lastKnownFileType = folder.assetcatalog; path = Assets.xcassets; sourceTree = "<group>"; };
		D3E3B0EE1C328316003EAA6E /* Info.plist */ = {isa = PBXFileReference; lastKnownFileType = text.plist.xml; path = Info.plist; sourceTree = "<group>"; };
/* End PBXFileReference section */

/* Begin PBXFrameworksBuildPhase section */
		D3E3B0DC1C328316003EAA6E /* Frameworks */ = {
			isa = PBXFrameworksBuildPhase;
			buildActionMask = 2147483647;
			files = (
				D341EB501D1A838400677EAF /* SegmentedControl.framework in Frameworks */,
			);
			runOnlyForDeploymentPostprocessing = 0;
		};
/* End PBXFrameworksBuildPhase section */

/* Begin PBXGroup section */
		D3E3B0D61C328316003EAA6E = {
			isa = PBXGroup;
			children = (
				D341EB4F1D1A838400677EAF /* SegmentedControl.framework */,
				D3E3B0E11C328316003EAA6E /* SegmentedControlExample */,
				D3E3B0E01C328316003EAA6E /* Products */,
			);
			sourceTree = "<group>";
		};
		D3E3B0E01C328316003EAA6E /* Products */ = {
			isa = PBXGroup;
			children = (
				D3E3B0DF1C328316003EAA6E /* SegmentedControlExample.app */,
			);
			name = Products;
			sourceTree = "<group>";
		};
		D3E3B0E11C328316003EAA6E /* SegmentedControlExample */ = {
			isa = PBXGroup;
			children = (
				D3E3B0E21C328316003EAA6E /* AppDelegate.swift */,
				D3E3B0E41C328316003EAA6E /* ExampleViewController.swift */,
				D3E3B0E61C328316003EAA6E /* Main.storyboard */,
				D3E3B0E91C328316003EAA6E /* Assets.xcassets */,
				D3E3B0EE1C328316003EAA6E /* Info.plist */,
			);
			path = SegmentedControlExample;
			sourceTree = "<group>";
		};
/* End PBXGroup section */

/* Begin PBXNativeTarget section */
		D3E3B0DE1C328316003EAA6E /* SegmentedControlExample */ = {
			isa = PBXNativeTarget;
			buildConfigurationList = D3E3B0F11C328316003EAA6E /* Build configuration list for PBXNativeTarget "SegmentedControlExample" */;
			buildPhases = (
				D3E3B0DB1C328316003EAA6E /* Sources */,
				D3E3B0DC1C328316003EAA6E /* Frameworks */,
				D3E3B0DD1C328316003EAA6E /* Resources */,
				D341EB521D1A838400677EAF /* Embed Frameworks */,
			);
			buildRules = (
			);
			dependencies = (
			);
			name = SegmentedControlExample;
			productName = SegmentedControlExample;
			productReference = D3E3B0DF1C328316003EAA6E /* SegmentedControlExample.app */;
			productType = "com.apple.product-type.application";
		};
/* End PBXNativeTarget section */

/* Begin PBXProject section */
		D3E3B0D71C328316003EAA6E /* Project object */ = {
			isa = PBXProject;
			attributes = {
				LastSwiftUpdateCheck = 0720;
				LastUpgradeCheck = 0900;
				ORGANIZATIONNAME = Teambition;
				TargetAttributes = {
					D3E3B0DE1C328316003EAA6E = {
						CreatedOnToolsVersion = 7.2;
						LastSwiftMigration = 0900;
					};
				};
			};
			buildConfigurationList = D3E3B0DA1C328316003EAA6E /* Build configuration list for PBXProject "SegmentedControlExample" */;
			compatibilityVersion = "Xcode 3.2";
			developmentRegion = English;
			hasScannedForEncodings = 0;
			knownRegions = (
				en,
				Base,
			);
			mainGroup = D3E3B0D61C328316003EAA6E;
			productRefGroup = D3E3B0E01C328316003EAA6E /* Products */;
			projectDirPath = "";
			projectRoot = "";
			targets = (
				D3E3B0DE1C328316003EAA6E /* SegmentedControlExample */,
			);
		};
/* End PBXProject section */

/* Begin PBXResourcesBuildPhase section */
		D3E3B0DD1C328316003EAA6E /* Resources */ = {
			isa = PBXResourcesBuildPhase;
			buildActionMask = 2147483647;
			files = (
				D3E3B0EA1C328316003EAA6E /* Assets.xcassets in Resources */,
				D3E3B0E81C328316003EAA6E /* Main.storyboard in Resources */,
			);
			runOnlyForDeploymentPostprocessing = 0;
		};
/* End PBXResourcesBuildPhase section */

/* Begin PBXSourcesBuildPhase section */
		D3E3B0DB1C328316003EAA6E /* Sources */ = {
			isa = PBXSourcesBuildPhase;
			buildActionMask = 2147483647;
			files = (
				D3E3B0E51C328316003EAA6E /* ExampleViewController.swift in Sources */,
				D3E3B0E31C328316003EAA6E /* AppDelegate.swift in Sources */,
			);
			runOnlyForDeploymentPostprocessing = 0;
		};
/* End PBXSourcesBuildPhase section */

/* Begin PBXVariantGroup section */
		D3E3B0E61C328316003EAA6E /* Main.storyboard */ = {
			isa = PBXVariantGroup;
			children = (
				D3E3B0E71C328316003EAA6E /* Base */,
			);
			name = Main.storyboard;
			sourceTree = "<group>";
		};
/* End PBXVariantGroup section */

/* Begin XCBuildConfiguration section */
		D3E3B0EF1C328316003EAA6E /* Debug */ = {
			isa = XCBuildConfiguration;
			buildSettings = {
				ALWAYS_SEARCH_USER_PATHS = NO;
				CLANG_CXX_LANGUAGE_STANDARD = "gnu++0x";
				CLANG_CXX_LIBRARY = "libc++";
				CLANG_ENABLE_MODULES = YES;
				CLANG_ENABLE_OBJC_ARC = YES;
				CLANG_WARN_BLOCK_CAPTURE_AUTORELEASING = YES;
				CLANG_WARN_BOOL_CONVERSION = YES;
				CLANG_WARN_COMMA = YES;
				CLANG_WARN_CONSTANT_CONVERSION = YES;
				CLANG_WARN_DIRECT_OBJC_ISA_USAGE = YES_ERROR;
				CLANG_WARN_EMPTY_BODY = YES;
				CLANG_WARN_ENUM_CONVERSION = YES;
				CLANG_WARN_INFINITE_RECURSION = YES;
				CLANG_WARN_INT_CONVERSION = YES;
				CLANG_WARN_NON_LITERAL_NULL_CONVERSION = YES;
				CLANG_WARN_OBJC_LITERAL_CONVERSION = YES;
				CLANG_WARN_OBJC_ROOT_CLASS = YES_ERROR;
				CLANG_WARN_RANGE_LOOP_ANALYSIS = YES;
				CLANG_WARN_STRICT_PROTOTYPES = YES;
				CLANG_WARN_SUSPICIOUS_MOVE = YES;
				CLANG_WARN_UNREACHABLE_CODE = YES;
				CLANG_WARN__DUPLICATE_METHOD_MATCH = YES;
				"CODE_SIGN_IDENTITY[sdk=iphoneos*]" = "iPhone Developer";
				COPY_PHASE_STRIP = NO;
				DEBUG_INFORMATION_FORMAT = dwarf;
				ENABLE_STRICT_OBJC_MSGSEND = YES;
				ENABLE_TESTABILITY = YES;
				GCC_C_LANGUAGE_STANDARD = gnu99;
				GCC_DYNAMIC_NO_PIC = NO;
				GCC_NO_COMMON_BLOCKS = YES;
				GCC_OPTIMIZATION_LEVEL = 0;
				GCC_PREPROCESSOR_DEFINITIONS = (
					"DEBUG=1",
					"$(inherited)",
				);
				GCC_WARN_64_TO_32_BIT_CONVERSION = YES;
				GCC_WARN_ABOUT_RETURN_TYPE = YES_ERROR;
				GCC_WARN_UNDECLARED_SELECTOR = YES;
				GCC_WARN_UNINITIALIZED_AUTOS = YES_AGGRESSIVE;
				GCC_WARN_UNUSED_FUNCTION = YES;
				GCC_WARN_UNUSED_VARIABLE = YES;
				IPHONEOS_DEPLOYMENT_TARGET = 8.0;
				MTL_ENABLE_DEBUG_INFO = YES;
				ONLY_ACTIVE_ARCH = YES;
				SDKROOT = iphoneos;
				SWIFT_OPTIMIZATION_LEVEL = "-Onone";
				TARGETED_DEVICE_FAMILY = "1,2";
			};
			name = Debug;
		};
		D3E3B0F01C328316003EAA6E /* Release */ = {
			isa = XCBuildConfiguration;
			buildSettings = {
				ALWAYS_SEARCH_USER_PATHS = NO;
				CLANG_CXX_LANGUAGE_STANDARD = "gnu++0x";
				CLANG_CXX_LIBRARY = "libc++";
				CLANG_ENABLE_MODULES = YES;
				CLANG_ENABLE_OBJC_ARC = YES;
				CLANG_WARN_BLOCK_CAPTURE_AUTORELEASING = YES;
				CLANG_WARN_BOOL_CONVERSION = YES;
				CLANG_WARN_COMMA = YES;
				CLANG_WARN_CONSTANT_CONVERSION = YES;
				CLANG_WARN_DIRECT_OBJC_ISA_USAGE = YES_ERROR;
				CLANG_WARN_EMPTY_BODY = YES;
				CLANG_WARN_ENUM_CONVERSION = YES;
				CLANG_WARN_INFINITE_RECURSION = YES;
				CLANG_WARN_INT_CONVERSION = YES;
				CLANG_WARN_NON_LITERAL_NULL_CONVERSION = YES;
				CLANG_WARN_OBJC_LITERAL_CONVERSION = YES;
				CLANG_WARN_OBJC_ROOT_CLASS = YES_ERROR;
				CLANG_WARN_RANGE_LOOP_ANALYSIS = YES;
				CLANG_WARN_STRICT_PROTOTYPES = YES;
				CLANG_WARN_SUSPICIOUS_MOVE = YES;
				CLANG_WARN_UNREACHABLE_CODE = YES;
				CLANG_WARN__DUPLICATE_METHOD_MATCH = YES;
				"CODE_SIGN_IDENTITY[sdk=iphoneos*]" = "iPhone Developer";
				COPY_PHASE_STRIP = NO;
				DEBUG_INFORMATION_FORMAT = "dwarf-with-dsym";
				ENABLE_NS_ASSERTIONS = NO;
				ENABLE_STRICT_OBJC_MSGSEND = YES;
				GCC_C_LANGUAGE_STANDARD = gnu99;
				GCC_NO_COMMON_BLOCKS = YES;
				GCC_WARN_64_TO_32_BIT_CONVERSION = YES;
				GCC_WARN_ABOUT_RETURN_TYPE = YES_ERROR;
				GCC_WARN_UNDECLARED_SELECTOR = YES;
				GCC_WARN_UNINITIALIZED_AUTOS = YES_AGGRESSIVE;
				GCC_WARN_UNUSED_FUNCTION = YES;
				GCC_WARN_UNUSED_VARIABLE = YES;
				IPHONEOS_DEPLOYMENT_TARGET = 8.0;
				MTL_ENABLE_DEBUG_INFO = NO;
				SDKROOT = iphoneos;
				SWIFT_OPTIMIZATION_LEVEL = "-Owholemodule";
				TARGETED_DEVICE_FAMILY = "1,2";
				VALIDATE_PRODUCT = YES;
			};
			name = Release;
		};
		D3E3B0F21C328316003EAA6E /* Debug */ = {
			isa = XCBuildConfiguration;
			buildSettings = {
				ASSETCATALOG_COMPILER_APPICON_NAME = AppIcon;
				INFOPLIST_FILE = SegmentedControlExample/Info.plist;
				LD_RUNPATH_SEARCH_PATHS = "$(inherited) @executable_path/Frameworks";
				PRODUCT_BUNDLE_IDENTIFIER = Teambition.SegmentedControlExample;
				PRODUCT_NAME = "$(TARGET_NAME)";
				SWIFT_SWIFT3_OBJC_INFERENCE = Default;
				SWIFT_VERSION = 4.0;
			};
			name = Debug;
		};
		D3E3B0F31C328316003EAA6E /* Release */ = {
			isa = XCBuildConfiguration;
			buildSettings = {
				ASSETCATALOG_COMPILER_APPICON_NAME = AppIcon;
				INFOPLIST_FILE = SegmentedControlExample/Info.plist;
				LD_RUNPATH_SEARCH_PATHS = "$(inherited) @executable_path/Frameworks";
				PRODUCT_BUNDLE_IDENTIFIER = Teambition.SegmentedControlExample;
				PRODUCT_NAME = "$(TARGET_NAME)";
				SWIFT_SWIFT3_OBJC_INFERENCE = Default;
				SWIFT_VERSION = 4.0;
			};
			name = Release;
		};
/* End XCBuildConfiguration section */

/* Begin XCConfigurationList section */
		D3E3B0DA1C328316003EAA6E /* Build configuration list for PBXProject "SegmentedControlExample" */ = {
			isa = XCConfigurationList;
			buildConfigurations = (
				D3E3B0EF1C328316003EAA6E /* Debug */,
				D3E3B0F01C328316003EAA6E /* Release */,
			);
			defaultConfigurationIsVisible = 0;
			defaultConfigurationName = Release;
		};
		D3E3B0F11C328316003EAA6E /* Build configuration list for PBXNativeTarget "SegmentedControlExample" */ = {
			isa = XCConfigurationList;
			buildConfigurations = (
				D3E3B0F21C328316003EAA6E /* Debug */,
				D3E3B0F31C328316003EAA6E /* Release */,
			);
			defaultConfigurationIsVisible = 0;
			defaultConfigurationName = Release;
		};
/* End XCConfigurationList section */
	};
	rootObject = D3E3B0D71C328316003EAA6E /* Project object */;
}
